
Microsoft Visual Studio Solution File, Format Version 12.00
# Visual Studio Version 16
VisualStudioVersion = 25.0.1704.1
MinimumVisualStudioVersion = 10.0.40219.1
Project("{FAE04EC0-301F-11D3-BF4B-00C04F79EFBC}") = "TmpwBlogAPI", "TmpwBlogAPI\TmpwBlogAPI.csproj", "{2CF9C52B-8440-4C5E-8CCB-A8DC2C67E69C}"
EndProject
Global
	GlobalSection(SolutionConfigurationPlatforms) = preSolution
		Debug|Any CPU = Debug|Any CPU
		Release|Any CPU = Release|Any CPU
	EndGlobalSection
	GlobalSection(ProjectConfigurationPlatforms) = postSolution
		{2CF9C52B-8440-4C5E-8CCB-A8DC2C67E69C}.Debug|Any CPU.ActiveCfg = Debug|Any CPU
		{2CF9C52B-8440-4C5E-8CCB-A8DC2C67E69C}.Debug|Any CPU.Build.0 = Debug|Any CPU
		{2CF9C52B-8440-4C5E-8CCB-A8DC2C67E69C}.Release|Any CPU.ActiveCfg = Release|Any CPU
		{2CF9C52B-8440-4C5E-8CCB-A8DC2C67E69C}.Release|Any CPU.Build.0 = Release|Any CPU
	EndGlobalSection
	GlobalSection(SolutionProperties) = preSolution
		HideSolutionNode = FALSE
	EndGlobalSection
	GlobalSection(ExtensibilityGlobals) = postSolution
		SolutionGuid = {87FEC82A-237C-4623-8F0C-BAB122495CDC}
	EndGlobalSection
EndGlobal
